// !$*UTF8*$!
{
	archiveVersion = 1;
	classes = {
	};
	objectVersion = 46;
	objects = {

/* Begin PBXBuildFile section */
		7035F10B16EE8C9600999B5B /* IP5_blackbackground1136px@2x.png in Resources */ = {isa = PBXBuildFile; fileRef = 7035F10A16EE8C9600999B5B /* IP5_blackbackground1136px@2x.png */; };
		7035F10D16EE8EA500999B5B /* IP5_menu_background_1136px@2x.png in Resources */ = {isa = PBXBuildFile; fileRef = 7035F10C16EE8EA500999B5B /* IP5_menu_background_1136px@2x.png */; };
		704FE9A716DD003F006A1222 /* app_icon.png in Resources */ = {isa = PBXBuildFile; fileRef = 704FE9A516DD003F006A1222 /* app_icon.png */; };
		704FE9A816DD003F006A1222 /* app_icon@2x.png in Resources */ = {isa = PBXBuildFile; fileRef = 704FE9A616DD003F006A1222 /* app_icon@2x.png */; };
		706812DA16E4D2A200EB8732 /* GPTPexesoCard.m in Sources */ = {isa = PBXBuildFile; fileRef = 706812CB16E4D2A200EB8732 /* GPTPexesoCard.m */; };
		706812DB16E4D2A200EB8732 /* GPTPexesoGame.m in Sources */ = {isa = PBXBuildFile; fileRef = 706812CD16E4D2A200EB8732 /* GPTPexesoGame.m */; };
		706812DC16E4D2A200EB8732 /* GPTPexesoViewController.m in Sources */ = {isa = PBXBuildFile; fileRef = 706812CF16E4D2A200EB8732 /* GPTPexesoViewController.m */; };
		706812DD16E4D2A200EB8732 /* GPTPexesoViewController.xib in Resources */ = {isa = PBXBuildFile; fileRef = 706812D016E4D2A200EB8732 /* GPTPexesoViewController.xib */; };
		706812DE16E4D2A200EB8732 /* 4cards_faces-01.png in Resources */ = {isa = PBXBuildFile; fileRef = 706812D216E4D2A200EB8732 /* 4cards_faces-01.png */; };
		706812DF16E4D2A200EB8732 /* 4cards_faces-01@2x.png in Resources */ = {isa = PBXBuildFile; fileRef = 706812D316E4D2A200EB8732 /* 4cards_faces-01@2x.png */; };
		706812E016E4D2A200EB8732 /* 4cards_faces-02.png in Resources */ = {isa = PBXBuildFile; fileRef = 706812D416E4D2A200EB8732 /* 4cards_faces-02.png */; };
		706812E116E4D2A200EB8732 /* 4cards_faces-02@2x.png in Resources */ = {isa = PBXBuildFile; fileRef = 706812D516E4D2A200EB8732 /* 4cards_faces-02@2x.png */; };
		706812E216E4D2A200EB8732 /* 4cards_faces-03.png in Resources */ = {isa = PBXBuildFile; fileRef = 706812D616E4D2A200EB8732 /* 4cards_faces-03.png */; };
		706812E316E4D2A200EB8732 /* 4cards_faces-03@2x.png in Resources */ = {isa = PBXBuildFile; fileRef = 706812D716E4D2A200EB8732 /* 4cards_faces-03@2x.png */; };
		706812E416E4D2A200EB8732 /* card-back-230.png in Resources */ = {isa = PBXBuildFile; fileRef = 706812D816E4D2A200EB8732 /* card-back-230.png */; };
		706812E516E4D2A200EB8732 /* card-back-230@2x.png in Resources */ = {isa = PBXBuildFile; fileRef = 706812D916E4D2A200EB8732 /* card-back-230@2x.png */; };
		706812E816E4D34900EB8732 /* IP4_blackbackground960px-02.png in Resources */ = {isa = PBXBuildFile; fileRef = 706812E616E4D34900EB8732 /* IP4_blackbackground960px-02.png */; };
		706812E916E4D34900EB8732 /* IP4_blackbackground960px-02@2x.png in Resources */ = {isa = PBXBuildFile; fileRef = 706812E716E4D34900EB8732 /* IP4_blackbackground960px-02@2x.png */; };
		706812EE16E4D7C600EB8732 /* large-face-empty.png in Resources */ = {isa = PBXBuildFile; fileRef = 706812EA16E4D7C600EB8732 /* large-face-empty.png */; };
		706812EF16E4D7C600EB8732 /* large-face-empty@2x.png in Resources */ = {isa = PBXBuildFile; fileRef = 706812EB16E4D7C600EB8732 /* large-face-empty@2x.png */; };
		706812F016E4D7C600EB8732 /* large-girl-03.png in Resources */ = {isa = PBXBuildFile; fileRef = 706812EC16E4D7C600EB8732 /* large-girl-03.png */; };
		706812F116E4D7C600EB8732 /* large-girl-03@2x.png in Resources */ = {isa = PBXBuildFile; fileRef = 706812ED16E4D7C600EB8732 /* large-girl-03@2x.png */; };
		7068136416E4E3AA00EB8732 /* GPTPexeso9Cards.m in Sources */ = {isa = PBXBuildFile; fileRef = 7068133A16E4E3AA00EB8732 /* GPTPexeso9Cards.m */; };
		7068136516E4E3AA00EB8732 /* GPTPexeso9Game.m in Sources */ = {isa = PBXBuildFile; fileRef = 7068133C16E4E3AA00EB8732 /* GPTPexeso9Game.m */; };
		7068136616E4E3AA00EB8732 /* GPTPexeso9ViewController.m in Sources */ = {isa = PBXBuildFile; fileRef = 7068133E16E4E3AA00EB8732 /* GPTPexeso9ViewController.m */; };
		7068136716E4E3AA00EB8732 /* GPTPexeso9ViewController.xib in Resources */ = {isa = PBXBuildFile; fileRef = 7068133F16E4E3AA00EB8732 /* GPTPexeso9ViewController.xib */; };
		7068136816E4E3AA00EB8732 /* card_back_150x200px-01.png in Resources */ = {isa = PBXBuildFile; fileRef = 7068134116E4E3AA00EB8732 /* card_back_150x200px-01.png */; };
		7068136916E4E3AA00EB8732 /* card_back_150x200px-01@2x.png in Resources */ = {isa = PBXBuildFile; fileRef = 7068134216E4E3AA00EB8732 /* card_back_150x200px-01@2x.png */; };
		7068136A16E4E3AA00EB8732 /* card_back_150x200px-02.png in Resources */ = {isa = PBXBuildFile; fileRef = 7068134316E4E3AA00EB8732 /* card_back_150x200px-02.png */; };
		7068136B16E4E3AA00EB8732 /* card_back_150x200px-02@2x.png in Resources */ = {isa = PBXBuildFile; fileRef = 7068134416E4E3AA00EB8732 /* card_back_150x200px-02@2x.png */; };
		7068136C16E4E3AA00EB8732 /* card_back_150x200px-03.png in Resources */ = {isa = PBXBuildFile; fileRef = 7068134516E4E3AA00EB8732 /* card_back_150x200px-03.png */; };
		7068136D16E4E3AA00EB8732 /* card_back_150x200px-04.png in Resources */ = {isa = PBXBuildFile; fileRef = 7068134616E4E3AA00EB8732 /* card_back_150x200px-04.png */; };
		7068136E16E4E3AA00EB8732 /* card_back_150x200px-05.png in Resources */ = {isa = PBXBuildFile; fileRef = 7068134716E4E3AA00EB8732 /* card_back_150x200px-05.png */; };
		7068136F16E4E3AA00EB8732 /* card_back_150x200px-06.png in Resources */ = {isa = PBXBuildFile; fileRef = 7068134816E4E3AA00EB8732 /* card_back_150x200px-06.png */; };
		7068137016E4E3AA00EB8732 /* card_back_150x200px-07.png in Resources */ = {isa = PBXBuildFile; fileRef = 7068134916E4E3AA00EB8732 /* card_back_150x200px-07.png */; };
		7068137116E4E3AA00EB8732 /* card_back_150x200px-08.png in Resources */ = {isa = PBXBuildFile; fileRef = 7068134A16E4E3AA00EB8732 /* card_back_150x200px-08.png */; };
		7068137216E4E3AA00EB8732 /* card_face_150-200-01.png in Resources */ = {isa = PBXBuildFile; fileRef = 7068134B16E4E3AA00EB8732 /* card_face_150-200-01.png */; };
		7068137316E4E3AA00EB8732 /* card_face_150-200-01@2x.png in Resources */ = {isa = PBXBuildFile; fileRef = 7068134C16E4E3AA00EB8732 /* card_face_150-200-01@2x.png */; };
		7068137416E4E3AA00EB8732 /* card_face_150-200-02.png in Resources */ = {isa = PBXBuildFile; fileRef = 7068134D16E4E3AA00EB8732 /* card_face_150-200-02.png */; };
		7068137516E4E3AA00EB8732 /* card_face_150-200-02@2x.png in Resources */ = {isa = PBXBuildFile; fileRef = 7068134E16E4E3AA00EB8732 /* card_face_150-200-02@2x.png */; };
		7068137616E4E3AA00EB8732 /* card_face_150-200-03.png in Resources */ = {isa = PBXBuildFile; fileRef = 7068134F16E4E3AA00EB8732 /* card_face_150-200-03.png */; };
		7068137716E4E3AA00EB8732 /* card_face_150-200-03@2x.png in Resources */ = {isa = PBXBuildFile; fileRef = 7068135016E4E3AA00EB8732 /* card_face_150-200-03@2x.png */; };
		7068137816E4E3AA00EB8732 /* card_face_150-200-04.png in Resources */ = {isa = PBXBuildFile; fileRef = 7068135116E4E3AA00EB8732 /* card_face_150-200-04.png */; };
		7068137916E4E3AA00EB8732 /* card_face_150-200-04@2x.png in Resources */ = {isa = PBXBuildFile; fileRef = 7068135216E4E3AA00EB8732 /* card_face_150-200-04@2x.png */; };
		7068137A16E4E3AA00EB8732 /* card_face_150-200-05.png in Resources */ = {isa = PBXBuildFile; fileRef = 7068135316E4E3AA00EB8732 /* card_face_150-200-05.png */; };
		7068137B16E4E3AA00EB8732 /* card_face_150-200-05@2x.png in Resources */ = {isa = PBXBuildFile; fileRef = 7068135416E4E3AA00EB8732 /* card_face_150-200-05@2x.png */; };
		7068137C16E4E3AA00EB8732 /* card_face_150-200-06.png in Resources */ = {isa = PBXBuildFile; fileRef = 7068135516E4E3AA00EB8732 /* card_face_150-200-06.png */; };
		7068137D16E4E3AA00EB8732 /* card_face_150-200-06@2x.png in Resources */ = {isa = PBXBuildFile; fileRef = 7068135616E4E3AA00EB8732 /* card_face_150-200-06@2x.png */; };
		7068137E16E4E3AA00EB8732 /* large-face-01.png in Resources */ = {isa = PBXBuildFile; fileRef = 7068135716E4E3AA00EB8732 /* large-face-01.png */; };
		7068137F16E4E3AA00EB8732 /* large-face-02.png in Resources */ = {isa = PBXBuildFile; fileRef = 7068135816E4E3AA00EB8732 /* large-face-02.png */; };
		7068138016E4E3AA00EB8732 /* large-face-03.png in Resources */ = {isa = PBXBuildFile; fileRef = 7068135916E4E3AA00EB8732 /* large-face-03.png */; };
		7068138116E4E3AA00EB8732 /* large-face-04.png in Resources */ = {isa = PBXBuildFile; fileRef = 7068135A16E4E3AA00EB8732 /* large-face-04.png */; };
		7068138216E4E3AA00EB8732 /* large-face-05.png in Resources */ = {isa = PBXBuildFile; fileRef = 7068135B16E4E3AA00EB8732 /* large-face-05.png */; };
		7068138316E4E3AA00EB8732 /* large-face-06.png in Resources */ = {isa = PBXBuildFile; fileRef = 7068135C16E4E3AA00EB8732 /* large-face-06.png */; };
		7068138416E4E3AA00EB8732 /* large-face-empty-02.png in Resources */ = {isa = PBXBuildFile; fileRef = 7068135D16E4E3AA00EB8732 /* large-face-empty-02.png */; };
		7068138516E4E3AA00EB8732 /* large-girl-01.png in Resources */ = {isa = PBXBuildFile; fileRef = 7068135E16E4E3AA00EB8732 /* large-girl-01.png */; };
		7068138616E4E3AA00EB8732 /* large-girl-02.png in Resources */ = {isa = PBXBuildFile; fileRef = 7068135F16E4E3AA00EB8732 /* large-girl-02.png */; };
		7068138716E4E3AA00EB8732 /* large-girl-07.png in Resources */ = {isa = PBXBuildFile; fileRef = 7068136016E4E3AA00EB8732 /* large-girl-07.png */; };
		7068138816E4E3AA00EB8732 /* large-girl-04.png in Resources */ = {isa = PBXBuildFile; fileRef = 7068136116E4E3AA00EB8732 /* large-girl-04.png */; };
		7068138916E4E3AA00EB8732 /* large-girl-05.png in Resources */ = {isa = PBXBuildFile; fileRef = 7068136216E4E3AA00EB8732 /* large-girl-05.png */; };
		7068138A16E4E3AA00EB8732 /* large-girl-06.png in Resources */ = {isa = PBXBuildFile; fileRef = 7068136316E4E3AA00EB8732 /* large-girl-06.png */; };
		708D19AD16DD239D00A6A819 /* IP4_menu.png in Resources */ = {isa = PBXBuildFile; fileRef = 708D19A916DD239D00A6A819 /* IP4_menu.png */; };
		708D19AE16DD239D00A6A819 /* IP4_menu@2x.png in Resources */ = {isa = PBXBuildFile; fileRef = 708D19AA16DD239D00A6A819 /* IP4_menu@2x.png */; };
		708D19AF16DD239D00A6A819 /* IP4_menus_buttons.png in Resources */ = {isa = PBXBuildFile; fileRef = 708D19AB16DD239D00A6A819 /* IP4_menus_buttons.png */; };
		708D19B016DD239D00A6A819 /* IP4_menus_buttons@2x.png in Resources */ = {isa = PBXBuildFile; fileRef = 708D19AC16DD239D00A6A819 /* IP4_menus_buttons@2x.png */; };
		708D19B316DD27B500A6A819 /* buttons_03.png in Resources */ = {isa = PBXBuildFile; fileRef = 708D19B116DD27B500A6A819 /* buttons_03.png */; };
		708D19B416DD27B500A6A819 /* buttons_03@2x.png in Resources */ = {isa = PBXBuildFile; fileRef = 708D19B216DD27B500A6A819 /* buttons_03@2x.png */; };
		708D19B716DD329A00A6A819 /* hbuttons_03.png in Resources */ = {isa = PBXBuildFile; fileRef = 708D19B516DD329A00A6A819 /* hbuttons_03.png */; };
		708D19B816DD329A00A6A819 /* hbuttons_03@2x.png in Resources */ = {isa = PBXBuildFile; fileRef = 708D19B616DD329A00A6A819 /* hbuttons_03@2x.png */; };
		708D19CD16DF9F9F00A6A819 /* hbuttons_12.png in Resources */ = {isa = PBXBuildFile; fileRef = 708D19B916DF9F9F00A6A819 /* hbuttons_12.png */; };
		708D19CE16DF9F9F00A6A819 /* hbuttons_11.png in Resources */ = {isa = PBXBuildFile; fileRef = 708D19BA16DF9F9F00A6A819 /* hbuttons_11.png */; };
		708D19CF16DF9F9F00A6A819 /* hbuttons_08.png in Resources */ = {isa = PBXBuildFile; fileRef = 708D19BB16DF9F9F00A6A819 /* hbuttons_08.png */; };
		708D19D016DF9F9F00A6A819 /* hbuttons_06.png in Resources */ = {isa = PBXBuildFile; fileRef = 708D19BC16DF9F9F00A6A819 /* hbuttons_06.png */; };
		708D19D116DF9F9F00A6A819 /* hbuttons_05.png in Resources */ = {isa = PBXBuildFile; fileRef = 708D19BD16DF9F9F00A6A819 /* hbuttons_05.png */; };
		708D19D216DF9F9F00A6A819 /* hbuttons_05@2x.png in Resources */ = {isa = PBXBuildFile; fileRef = 708D19BE16DF9F9F00A6A819 /* hbuttons_05@2x.png */; };
		708D19D316DF9F9F00A6A819 /* buttons_12.png in Resources */ = {isa = PBXBuildFile; fileRef = 708D19BF16DF9F9F00A6A819 /* buttons_12.png */; };
		708D19D416DF9F9F00A6A819 /* buttons_11.png in Resources */ = {isa = PBXBuildFile; fileRef = 708D19C016DF9F9F00A6A819 /* buttons_11.png */; };
		708D19D516DF9F9F00A6A819 /* buttons_08.png in Resources */ = {isa = PBXBuildFile; fileRef = 708D19C116DF9F9F00A6A819 /* buttons_08.png */; };
		708D19D616DF9F9F00A6A819 /* buttons_06.png in Resources */ = {isa = PBXBuildFile; fileRef = 708D19C216DF9F9F00A6A819 /* buttons_06.png */; };
		708D19D716DF9F9F00A6A819 /* buttons_05.png in Resources */ = {isa = PBXBuildFile; fileRef = 708D19C316DF9F9F00A6A819 /* buttons_05.png */; };
		708D19D816DF9F9F00A6A819 /* buttons_05@2x.png in Resources */ = {isa = PBXBuildFile; fileRef = 708D19C416DF9F9F00A6A819 /* buttons_05@2x.png */; };
		708D19D916DF9F9F00A6A819 /* buttons_06@2x.png in Resources */ = {isa = PBXBuildFile; fileRef = 708D19C516DF9F9F00A6A819 /* buttons_06@2x.png */; };
		708D19DA16DF9F9F00A6A819 /* buttons_08@2x.png in Resources */ = {isa = PBXBuildFile; fileRef = 708D19C616DF9F9F00A6A819 /* buttons_08@2x.png */; };
		708D19DB16DF9F9F00A6A819 /* buttons_11@2x.png in Resources */ = {isa = PBXBuildFile; fileRef = 708D19C716DF9F9F00A6A819 /* buttons_11@2x.png */; };
		708D19DC16DF9F9F00A6A819 /* buttons_12@2x.png in Resources */ = {isa = PBXBuildFile; fileRef = 708D19C816DF9F9F00A6A819 /* buttons_12@2x.png */; };
		708D19DD16DF9F9F00A6A819 /* hbuttons_06@2x.png in Resources */ = {isa = PBXBuildFile; fileRef = 708D19C916DF9F9F00A6A819 /* hbuttons_06@2x.png */; };
		708D19DE16DF9F9F00A6A819 /* hbuttons_08@2x.png in Resources */ = {isa = PBXBuildFile; fileRef = 708D19CA16DF9F9F00A6A819 /* hbuttons_08@2x.png */; };
		708D19DF16DF9F9F00A6A819 /* hbuttons_11@2x.png in Resources */ = {isa = PBXBuildFile; fileRef = 708D19CB16DF9F9F00A6A819 /* hbuttons_11@2x.png */; };
		708D19E016DF9F9F00A6A819 /* hbuttons_12@2x.png in Resources */ = {isa = PBXBuildFile; fileRef = 708D19CC16DF9F9F00A6A819 /* hbuttons_12@2x.png */; };
		709E8E8316C613E80084BBCC /* UIKit.framework in Frameworks */ = {isa = PBXBuildFile; fileRef = 709E8E8216C613E80084BBCC /* UIKit.framework */; };
		709E8E8516C613E80084BBCC /* Foundation.framework in Frameworks */ = {isa = PBXBuildFile; fileRef = 709E8E8416C613E80084BBCC /* Foundation.framework */; };
		709E8E8716C613E80084BBCC /* CoreGraphics.framework in Frameworks */ = {isa = PBXBuildFile; fileRef = 709E8E8616C613E80084BBCC /* CoreGraphics.framework */; };
		709E8E8D16C613E80084BBCC /* InfoPlist.strings in Resources */ = {isa = PBXBuildFile; fileRef = 709E8E8B16C613E80084BBCC /* InfoPlist.strings */; };
		709E8E8F16C613E80084BBCC /* main.m in Sources */ = {isa = PBXBuildFile; fileRef = 709E8E8E16C613E80084BBCC /* main.m */; };
		709E8E9316C613E80084BBCC /* GPTAppDelegate.m in Sources */ = {isa = PBXBuildFile; fileRef = 709E8E9216C613E80084BBCC /* GPTAppDelegate.m */; };
		709E8E9516C613E80084BBCC /* Default.png in Resources */ = {isa = PBXBuildFile; fileRef = 709E8E9416C613E80084BBCC /* Default.png */; };
		709E8E9716C613E80084BBCC /* Default@2x.png in Resources */ = {isa = PBXBuildFile; fileRef = 709E8E9616C613E80084BBCC /* Default@2x.png */; };
		709E8E9916C613E80084BBCC /* Default-568h@2x.png in Resources */ = {isa = PBXBuildFile; fileRef = 709E8E9816C613E80084BBCC /* Default-568h@2x.png */; };
		709E8E9C16C613E80084BBCC /* GPTViewController.m in Sources */ = {isa = PBXBuildFile; fileRef = 709E8E9B16C613E80084BBCC /* GPTViewController.m */; };
		709E8E9F16C613E80084BBCC /* GPTViewController.xib in Resources */ = {isa = PBXBuildFile; fileRef = 709E8E9D16C613E80084BBCC /* GPTViewController.xib */; };
		70AA0387176D6CC90031D2BC /* ip5_share_screen.png in Resources */ = {isa = PBXBuildFile; fileRef = 70AA0386176D6CC90031D2BC /* ip5_share_screen.png */; };
		70AA0389176D8A6F0031D2BC /* share.png in Resources */ = {isa = PBXBuildFile; fileRef = 70AA0388176D8A6F0031D2BC /* share.png */; };
		70AA038B176D92D90031D2BC /* share@2x.png in Resources */ = {isa = PBXBuildFile; fileRef = 70AA038A176D92D90031D2BC /* share@2x.png */; };
		70AA038E176D98FD0031D2BC /* pay.png in Resources */ = {isa = PBXBuildFile; fileRef = 70AA038C176D98FD0031D2BC /* pay.png */; };
		70AA038F176D98FD0031D2BC /* pay@2x.png in Resources */ = {isa = PBXBuildFile; fileRef = 70AA038D176D98FD0031D2BC /* pay@2x.png */; };
		70AA0396176DA4110031D2BC /* GPTHelpScreenViewController.m in Sources */ = {isa = PBXBuildFile; fileRef = 70AA0394176DA4110031D2BC /* GPTHelpScreenViewController.m */; };
		70AA0397176DA4110031D2BC /* GPTHelpScreenViewController.xib in Resources */ = {isa = PBXBuildFile; fileRef = 70AA0395176DA4110031D2BC /* GPTHelpScreenViewController.xib */; };
		70AA039B176DA7EA0031D2BC /* help.png in Resources */ = {isa = PBXBuildFile; fileRef = 70AA0399176DA7EA0031D2BC /* help.png */; };
		70AA039C176DA7EA0031D2BC /* help@2x.png in Resources */ = {isa = PBXBuildFile; fileRef = 70AA039A176DA7EA0031D2BC /* help@2x.png */; };
		70AA039E176DA8C20031D2BC /* ip5_help.png in Resources */ = {isa = PBXBuildFile; fileRef = 70AA039D176DA8C20031D2BC /* ip5_help.png */; };
		70AA03A1176DACE40031D2BC /* ip5_help@2x.png in Resources */ = {isa = PBXBuildFile; fileRef = 70AA03A0176DACE40031D2BC /* ip5_help@2x.png */; };
		70AA03A4176DFBB40031D2BC /* help_back.png in Resources */ = {isa = PBXBuildFile; fileRef = 70AA03A2176DFBB40031D2BC /* help_back.png */; };
		70AA03A5176DFBB40031D2BC /* help_back@2x.png in Resources */ = {isa = PBXBuildFile; fileRef = 70AA03A3176DFBB40031D2BC /* help_back@2x.png */; };
		70AA03A9176E10900031D2BC /* GPTCheatViewController.m in Sources */ = {isa = PBXBuildFile; fileRef = 70AA03A7176E10900031D2BC /* GPTCheatViewController.m */; };
		70AA03AA176E10900031D2BC /* GPTCheatViewController.xib in Resources */ = {isa = PBXBuildFile; fileRef = 70AA03A8176E10900031D2BC /* GPTCheatViewController.xib */; };
		70AA03D3176E12650031D2BC /* Vanessa.png in Resources */ = {isa = PBXBuildFile; fileRef = 70AA03AC176E12650031D2BC /* Vanessa.png */; };
		70AA03D4176E12650031D2BC /* Vanessa@2x.png in Resources */ = {isa = PBXBuildFile; fileRef = 70AA03AD176E12650031D2BC /* Vanessa@2x.png */; };
		70AA03F7176E12650031D2BC /* ip5_vanessa.png in Resources */ = {isa = PBXBuildFile; fileRef = 70AA03D2176E12650031D2BC /* ip5_vanessa.png */; };
		70AA03F9176E19410031D2BC /* ip5_vanessa@2x.png in Resources */ = {isa = PBXBuildFile; fileRef = 70AA03F8176E19410031D2BC /* ip5_vanessa@2x.png */; };
		70AA03FE176E1A070031D2BC /* GPTTalkViewController.m in Sources */ = {isa = PBXBuildFile; fileRef = 70AA03FC176E1A070031D2BC /* GPTTalkViewController.m */; };
		70AA03FF176E1A070031D2BC /* GPTTalkViewController.xib in Resources */ = {isa = PBXBuildFile; fileRef = 70AA03FD176E1A070031D2BC /* GPTTalkViewController.xib */; };
		70AA0405176E1C7E0031D2BC /* pink_chat.png in Resources */ = {isa = PBXBuildFile; fileRef = 70AA0401176E1C7E0031D2BC /* pink_chat.png */; };
		70AA0406176E1C7E0031D2BC /* IP5_chat-background-screen.png in Resources */ = {isa = PBXBuildFile; fileRef = 70AA0402176E1C7E0031D2BC /* IP5_chat-background-screen.png */; };
		70AA0407176E1C7E0031D2BC /* pink_chat@2x.png in Resources */ = {isa = PBXBuildFile; fileRef = 70AA0403176E1C7E0031D2BC /* pink_chat@2x.png */; };
		70AA0408176E1C7E0031D2BC /* IP5_chat-background-screen@2x.png in Resources */ = {isa = PBXBuildFile; fileRef = 70AA0404176E1C7E0031D2BC /* IP5_chat-background-screen@2x.png */; };
		70AA040B176E1F5F0031D2BC /* ip4_chat_bg.png in Resources */ = {isa = PBXBuildFile; fileRef = 70AA0409176E1F5F0031D2BC /* ip4_chat_bg.png */; };
		70AA040C176E1F5F0031D2BC /* ip4_chat_bg@2x.png in Resources */ = {isa = PBXBuildFile; fileRef = 70AA040A176E1F5F0031D2BC /* ip4_chat_bg@2x.png */; };
/* End PBXBuildFile section */

/* Begin PBXFileReference section */
		7035F10A16EE8C9600999B5B /* IP5_blackbackground1136px@2x.png */ = {isa = PBXFileReference; lastKnownFileType = image.png; path = "IP5_blackbackground1136px@2x.png"; sourceTree = "<group>"; };
		7035F10C16EE8EA500999B5B /* IP5_menu_background_1136px@2x.png */ = {isa = PBXFileReference; lastKnownFileType = image.png; path = "IP5_menu_background_1136px@2x.png"; sourceTree = "<group>"; };
		704FE9A516DD003F006A1222 /* app_icon.png */ = {isa = PBXFileReference; lastKnownFileType = image.png; path = app_icon.png; sourceTree = "<group>"; };
		704FE9A616DD003F006A1222 /* app_icon@2x.png */ = {isa = PBXFileReference; lastKnownFileType = image.png; path = "app_icon@2x.png"; sourceTree = "<group>"; };
		706812CA16E4D2A200EB8732 /* GPTPexesoCard.h */ = {isa = PBXFileReference; fileEncoding = 4; lastKnownFileType = sourcecode.c.h; path = GPTPexesoCard.h; sourceTree = "<group>"; };
		706812CB16E4D2A200EB8732 /* GPTPexesoCard.m */ = {isa = PBXFileReference; fileEncoding = 4; lastKnownFileType = sourcecode.c.objc; path = GPTPexesoCard.m; sourceTree = "<group>"; };
		706812CC16E4D2A200EB8732 /* GPTPexesoGame.h */ = {isa = PBXFileReference; fileEncoding = 4; lastKnownFileType = sourcecode.c.h; path = GPTPexesoGame.h; sourceTree = "<group>"; };
		706812CD16E4D2A200EB8732 /* GPTPexesoGame.m */ = {isa = PBXFileReference; fileEncoding = 4; lastKnownFileType = sourcecode.c.objc; path = GPTPexesoGame.m; sourceTree = "<group>"; };
		706812CE16E4D2A200EB8732 /* GPTPexesoViewController.h */ = {isa = PBXFileReference; fileEncoding = 4; lastKnownFileType = sourcecode.c.h; path = GPTPexesoViewController.h; sourceTree = "<group>"; };
		706812CF16E4D2A200EB8732 /* GPTPexesoViewController.m */ = {isa = PBXFileReference; fileEncoding = 4; lastKnownFileType = sourcecode.c.objc; path = GPTPexesoViewController.m; sourceTree = "<group>"; };
		706812D016E4D2A200EB8732 /* GPTPexesoViewController.xib */ = {isa = PBXFileReference; fileEncoding = 4; lastKnownFileType = file.xib; path = GPTPexesoViewController.xib; sourceTree = "<group>"; };
		706812D216E4D2A200EB8732 /* 4cards_faces-01.png */ = {isa = PBXFileReference; lastKnownFileType = image.png; path = "4cards_faces-01.png"; sourceTree = "<group>"; };
		706812D316E4D2A200EB8732 /* 4cards_faces-01@2x.png */ = {isa = PBXFileReference; lastKnownFileType = image.png; path = "4cards_faces-01@2x.png"; sourceTree = "<group>"; };
		706812D416E4D2A200EB8732 /* 4cards_faces-02.png */ = {isa = PBXFileReference; lastKnownFileType = image.png; path = "4cards_faces-02.png"; sourceTree = "<group>"; };
		706812D516E4D2A200EB8732 /* 4cards_faces-02@2x.png */ = {isa = PBXFileReference; lastKnownFileType = image.png; path = "4cards_faces-02@2x.png"; sourceTree = "<group>"; };
		706812D616E4D2A200EB8732 /* 4cards_faces-03.png */ = {isa = PBXFileReference; lastKnownFileType = image.png; path = "4cards_faces-03.png"; sourceTree = "<group>"; };
		706812D716E4D2A200EB8732 /* 4cards_faces-03@2x.png */ = {isa = PBXFileReference; lastKnownFileType = image.png; path = "4cards_faces-03@2x.png"; sourceTree = "<group>"; };
		706812D816E4D2A200EB8732 /* card-back-230.png */ = {isa = PBXFileReference; lastKnownFileType = image.png; path = "card-back-230.png"; sourceTree = "<group>"; };
		706812D916E4D2A200EB8732 /* card-back-230@2x.png */ = {isa = PBXFileReference; lastKnownFileType = image.png; path = "card-back-230@2x.png"; sourceTree = "<group>"; };
		706812E616E4D34900EB8732 /* IP4_blackbackground960px-02.png */ = {isa = PBXFileReference; lastKnownFileType = image.png; path = "IP4_blackbackground960px-02.png"; sourceTree = "<group>"; };
		706812E716E4D34900EB8732 /* IP4_blackbackground960px-02@2x.png */ = {isa = PBXFileReference; lastKnownFileType = image.png; path = "IP4_blackbackground960px-02@2x.png"; sourceTree = "<group>"; };
		706812EA16E4D7C600EB8732 /* large-face-empty.png */ = {isa = PBXFileReference; lastKnownFileType = image.png; path = "large-face-empty.png"; sourceTree = "<group>"; };
		706812EB16E4D7C600EB8732 /* large-face-empty@2x.png */ = {isa = PBXFileReference; lastKnownFileType = image.png; path = "large-face-empty@2x.png"; sourceTree = "<group>"; };
		706812EC16E4D7C600EB8732 /* large-girl-03.png */ = {isa = PBXFileReference; lastKnownFileType = image.png; path = "large-girl-03.png"; sourceTree = "<group>"; };
		706812ED16E4D7C600EB8732 /* large-girl-03@2x.png */ = {isa = PBXFileReference; lastKnownFileType = image.png; path = "large-girl-03@2x.png"; sourceTree = "<group>"; };
		7068133916E4E3AA00EB8732 /* GPTPexeso9Cards.h */ = {isa = PBXFileReference; fileEncoding = 4; lastKnownFileType = sourcecode.c.h; path = GPTPexeso9Cards.h; sourceTree = "<group>"; };
		7068133A16E4E3AA00EB8732 /* GPTPexeso9Cards.m */ = {isa = PBXFileReference; fileEncoding = 4; lastKnownFileType = sourcecode.c.objc; path = GPTPexeso9Cards.m; sourceTree = "<group>"; };
		7068133B16E4E3AA00EB8732 /* GPTPexeso9Game.h */ = {isa = PBXFileReference; fileEncoding = 4; lastKnownFileType = sourcecode.c.h; path = GPTPexeso9Game.h; sourceTree = "<group>"; };
		7068133C16E4E3AA00EB8732 /* GPTPexeso9Game.m */ = {isa = PBXFileReference; fileEncoding = 4; lastKnownFileType = sourcecode.c.objc; path = GPTPexeso9Game.m; sourceTree = "<group>"; };
		7068133D16E4E3AA00EB8732 /* GPTPexeso9ViewController.h */ = {isa = PBXFileReference; fileEncoding = 4; lastKnownFileType = sourcecode.c.h; path = GPTPexeso9ViewController.h; sourceTree = "<group>"; };
		7068133E16E4E3AA00EB8732 /* GPTPexeso9ViewController.m */ = {isa = PBXFileReference; fileEncoding = 4; lastKnownFileType = sourcecode.c.objc; path = GPTPexeso9ViewController.m; sourceTree = "<group>"; };
		7068133F16E4E3AA00EB8732 /* GPTPexeso9ViewController.xib */ = {isa = PBXFileReference; fileEncoding = 4; lastKnownFileType = file.xib; path = GPTPexeso9ViewController.xib; sourceTree = "<group>"; };
		7068134116E4E3AA00EB8732 /* card_back_150x200px-01.png */ = {isa = PBXFileReference; lastKnownFileType = image.png; path = "card_back_150x200px-01.png"; sourceTree = "<group>"; };
		7068134216E4E3AA00EB8732 /* card_back_150x200px-01@2x.png */ = {isa = PBXFileReference; lastKnownFileType = image.png; path = "card_back_150x200px-01@2x.png"; sourceTree = "<group>"; };
		7068134316E4E3AA00EB8732 /* card_back_150x200px-02.png */ = {isa = PBXFileReference; lastKnownFileType = image.png; path = "card_back_150x200px-02.png"; sourceTree = "<group>"; };
		7068134416E4E3AA00EB8732 /* card_back_150x200px-02@2x.png */ = {isa = PBXFileReference; lastKnownFileType = image.png; path = "card_back_150x200px-02@2x.png"; sourceTree = "<group>"; };
		7068134516E4E3AA00EB8732 /* card_back_150x200px-03.png */ = {isa = PBXFileReference; lastKnownFileType = image.png; path = "card_back_150x200px-03.png"; sourceTree = "<group>"; };
		7068134616E4E3AA00EB8732 /* card_back_150x200px-04.png */ = {isa = PBXFileReference; lastKnownFileType = image.png; path = "card_back_150x200px-04.png"; sourceTree = "<group>"; };
		7068134716E4E3AA00EB8732 /* card_back_150x200px-05.png */ = {isa = PBXFileReference; lastKnownFileType = image.png; path = "card_back_150x200px-05.png"; sourceTree = "<group>"; };
		7068134816E4E3AA00EB8732 /* card_back_150x200px-06.png */ = {isa = PBXFileReference; lastKnownFileType = image.png; path = "card_back_150x200px-06.png"; sourceTree = "<group>"; };
		7068134916E4E3AA00EB8732 /* card_back_150x200px-07.png */ = {isa = PBXFileReference; lastKnownFileType = image.png; path = "card_back_150x200px-07.png"; sourceTree = "<group>"; };
		7068134A16E4E3AA00EB8732 /* card_back_150x200px-08.png */ = {isa = PBXFileReference; lastKnownFileType = image.png; path = "card_back_150x200px-08.png"; sourceTree = "<group>"; };
		7068134B16E4E3AA00EB8732 /* card_face_150-200-01.png */ = {isa = PBXFileReference; lastKnownFileType = image.png; path = "card_face_150-200-01.png"; sourceTree = "<group>"; };
		7068134C16E4E3AA00EB8732 /* card_face_150-200-01@2x.png */ = {isa = PBXFileReference; lastKnownFileType = image.png; path = "card_face_150-200-01@2x.png"; sourceTree = "<group>"; };
		7068134D16E4E3AA00EB8732 /* card_face_150-200-02.png */ = {isa = PBXFileReference; lastKnownFileType = image.png; path = "card_face_150-200-02.png"; sourceTree = "<group>"; };
		7068134E16E4E3AA00EB8732 /* card_face_150-200-02@2x.png */ = {isa = PBXFileReference; lastKnownFileType = image.png; path = "card_face_150-200-02@2x.png"; sourceTree = "<group>"; };
		7068134F16E4E3AA00EB8732 /* card_face_150-200-03.png */ = {isa = PBXFileReference; lastKnownFileType = image.png; path = "card_face_150-200-03.png"; sourceTree = "<group>"; };
		7068135016E4E3AA00EB8732 /* card_face_150-200-03@2x.png */ = {isa = PBXFileReference; lastKnownFileType = image.png; path = "card_face_150-200-03@2x.png"; sourceTree = "<group>"; };
		7068135116E4E3AA00EB8732 /* card_face_150-200-04.png */ = {isa = PBXFileReference; lastKnownFileType = image.png; path = "card_face_150-200-04.png"; sourceTree = "<group>"; };
		7068135216E4E3AA00EB8732 /* card_face_150-200-04@2x.png */ = {isa = PBXFileReference; lastKnownFileType = image.png; path = "card_face_150-200-04@2x.png"; sourceTree = "<group>"; };
		7068135316E4E3AA00EB8732 /* card_face_150-200-05.png */ = {isa = PBXFileReference; lastKnownFileType = image.png; path = "card_face_150-200-05.png"; sourceTree = "<group>"; };
		7068135416E4E3AA00EB8732 /* card_face_150-200-05@2x.png */ = {isa = PBXFileReference; lastKnownFileType = image.png; path = "card_face_150-200-05@2x.png"; sourceTree = "<group>"; };
		7068135516E4E3AA00EB8732 /* card_face_150-200-06.png */ = {isa = PBXFileReference; lastKnownFileType = image.png; path = "card_face_150-200-06.png"; sourceTree = "<group>"; };
		7068135616E4E3AA00EB8732 /* card_face_150-200-06@2x.png */ = {isa = PBXFileReference; lastKnownFileType = image.png; path = "card_face_150-200-06@2x.png"; sourceTree = "<group>"; };
		7068135716E4E3AA00EB8732 /* large-face-01.png */ = {isa = PBXFileReference; lastKnownFileType = image.png; path = "large-face-01.png"; sourceTree = "<group>"; };
		7068135816E4E3AA00EB8732 /* large-face-02.png */ = {isa = PBXFileReference; lastKnownFileType = image.png; path = "large-face-02.png"; sourceTree = "<group>"; };
		7068135916E4E3AA00EB8732 /* large-face-03.png */ = {isa = PBXFileReference; lastKnownFileType = image.png; path = "large-face-03.png"; sourceTree = "<group>"; };
		7068135A16E4E3AA00EB8732 /* large-face-04.png */ = {isa = PBXFileReference; lastKnownFileType = image.png; path = "large-face-04.png"; sourceTree = "<group>"; };
		7068135B16E4E3AA00EB8732 /* large-face-05.png */ = {isa = PBXFileReference; lastKnownFileType = image.png; path = "large-face-05.png"; sourceTree = "<group>"; };
		7068135C16E4E3AA00EB8732 /* large-face-06.png */ = {isa = PBXFileReference; lastKnownFileType = image.png; path = "large-face-06.png"; sourceTree = "<group>"; };
		7068135D16E4E3AA00EB8732 /* large-face-empty-02.png */ = {isa = PBXFileReference; lastKnownFileType = image.png; path = "large-face-empty-02.png"; sourceTree = "<group>"; };
		7068135E16E4E3AA00EB8732 /* large-girl-01.png */ = {isa = PBXFileReference; lastKnownFileType = image.png; path = "large-girl-01.png"; sourceTree = "<group>"; };
		7068135F16E4E3AA00EB8732 /* large-girl-02.png */ = {isa = PBXFileReference; lastKnownFileType = image.png; path = "large-girl-02.png"; sourceTree = "<group>"; };
		7068136016E4E3AA00EB8732 /* large-girl-07.png */ = {isa = PBXFileReference; lastKnownFileType = image.png; path = "large-girl-07.png"; sourceTree = "<group>"; };
		7068136116E4E3AA00EB8732 /* large-girl-04.png */ = {isa = PBXFileReference; lastKnownFileType = image.png; path = "large-girl-04.png"; sourceTree = "<group>"; };
		7068136216E4E3AA00EB8732 /* large-girl-05.png */ = {isa = PBXFileReference; lastKnownFileType = image.png; path = "large-girl-05.png"; sourceTree = "<group>"; };
		7068136316E4E3AA00EB8732 /* large-girl-06.png */ = {isa = PBXFileReference; lastKnownFileType = image.png; path = "large-girl-06.png"; sourceTree = "<group>"; };
		708D19A916DD239D00A6A819 /* IP4_menu.png */ = {isa = PBXFileReference; lastKnownFileType = image.png; path = IP4_menu.png; sourceTree = "<group>"; };
		708D19AA16DD239D00A6A819 /* IP4_menu@2x.png */ = {isa = PBXFileReference; lastKnownFileType = image.png; path = "IP4_menu@2x.png"; sourceTree = "<group>"; };
		708D19AB16DD239D00A6A819 /* IP4_menus_buttons.png */ = {isa = PBXFileReference; lastKnownFileType = image.png; path = IP4_menus_buttons.png; sourceTree = "<group>"; };
		708D19AC16DD239D00A6A819 /* IP4_menus_buttons@2x.png */ = {isa = PBXFileReference; lastKnownFileType = image.png; path = "IP4_menus_buttons@2x.png"; sourceTree = "<group>"; };
		708D19B116DD27B500A6A819 /* buttons_03.png */ = {isa = PBXFileReference; lastKnownFileType = image.png; name = buttons_03.png; path = buttons/buttons_03.png; sourceTree = "<group>"; };
		708D19B216DD27B500A6A819 /* buttons_03@2x.png */ = {isa = PBXFileReference; lastKnownFileType = image.png; name = "buttons_03@2x.png"; path = "buttons/buttons_03@2x.png"; sourceTree = "<group>"; };
		708D19B516DD329A00A6A819 /* hbuttons_03.png */ = {isa = PBXFileReference; lastKnownFileType = image.png; name = hbuttons_03.png; path = buttons/hbuttons_03.png; sourceTree = "<group>"; };
		708D19B616DD329A00A6A819 /* hbuttons_03@2x.png */ = {isa = PBXFileReference; lastKnownFileType = image.png; name = "hbuttons_03@2x.png"; path = "buttons/hbuttons_03@2x.png"; sourceTree = "<group>"; };
		708D19B916DF9F9F00A6A819 /* hbuttons_12.png */ = {isa = PBXFileReference; lastKnownFileType = image.png; name = hbuttons_12.png; path = buttons/hbuttons_12.png; sourceTree = "<group>"; };
		708D19BA16DF9F9F00A6A819 /* hbuttons_11.png */ = {isa = PBXFileReference; lastKnownFileType = image.png; name = hbuttons_11.png; path = buttons/hbuttons_11.png; sourceTree = "<group>"; };
		708D19BB16DF9F9F00A6A819 /* hbuttons_08.png */ = {isa = PBXFileReference; lastKnownFileType = image.png; name = hbuttons_08.png; path = buttons/hbuttons_08.png; sourceTree = "<group>"; };
		708D19BC16DF9F9F00A6A819 /* hbuttons_06.png */ = {isa = PBXFileReference; lastKnownFileType = image.png; name = hbuttons_06.png; path = buttons/hbuttons_06.png; sourceTree = "<group>"; };
		708D19BD16DF9F9F00A6A819 /* hbuttons_05.png */ = {isa = PBXFileReference; lastKnownFileType = image.png; name = hbuttons_05.png; path = buttons/hbuttons_05.png; sourceTree = "<group>"; };
		708D19BE16DF9F9F00A6A819 /* hbuttons_05@2x.png */ = {isa = PBXFileReference; lastKnownFileType = image.png; name = "hbuttons_05@2x.png"; path = "buttons/hbuttons_05@2x.png"; sourceTree = "<group>"; };
		708D19BF16DF9F9F00A6A819 /* buttons_12.png */ = {isa = PBXFileReference; lastKnownFileType = image.png; name = buttons_12.png; path = buttons/buttons_12.png; sourceTree = "<group>"; };
		708D19C016DF9F9F00A6A819 /* buttons_11.png */ = {isa = PBXFileReference; lastKnownFileType = image.png; name = buttons_11.png; path = buttons/buttons_11.png; sourceTree = "<group>"; };
		708D19C116DF9F9F00A6A819 /* buttons_08.png */ = {isa = PBXFileReference; lastKnownFileType = image.png; name = buttons_08.png; path = buttons/buttons_08.png; sourceTree = "<group>"; };
		708D19C216DF9F9F00A6A819 /* buttons_06.png */ = {isa = PBXFileReference; lastKnownFileType = image.png; name = buttons_06.png; path = buttons/buttons_06.png; sourceTree = "<group>"; };
		708D19C316DF9F9F00A6A819 /* buttons_05.png */ = {isa = PBXFileReference; lastKnownFileType = image.png; name = buttons_05.png; path = buttons/buttons_05.png; sourceTree = "<group>"; };
		708D19C416DF9F9F00A6A819 /* buttons_05@2x.png */ = {isa = PBXFileReference; lastKnownFileType = image.png; name = "buttons_05@2x.png"; path = "buttons/buttons_05@2x.png"; sourceTree = "<group>"; };
		708D19C516DF9F9F00A6A819 /* buttons_06@2x.png */ = {isa = PBXFileReference; lastKnownFileType = image.png; name = "buttons_06@2x.png"; path = "buttons/buttons_06@2x.png"; sourceTree = "<group>"; };
		708D19C616DF9F9F00A6A819 /* buttons_08@2x.png */ = {isa = PBXFileReference; lastKnownFileType = image.png; name = "buttons_08@2x.png"; path = "buttons/buttons_08@2x.png"; sourceTree = "<group>"; };
		708D19C716DF9F9F00A6A819 /* buttons_11@2x.png */ = {isa = PBXFileReference; lastKnownFileType = image.png; name = "buttons_11@2x.png"; path = "buttons/buttons_11@2x.png"; sourceTree = "<group>"; };
		708D19C816DF9F9F00A6A819 /* buttons_12@2x.png */ = {isa = PBXFileReference; lastKnownFileType = image.png; name = "buttons_12@2x.png"; path = "buttons/buttons_12@2x.png"; sourceTree = "<group>"; };
		708D19C916DF9F9F00A6A819 /* hbuttons_06@2x.png */ = {isa = PBXFileReference; lastKnownFileType = image.png; name = "hbuttons_06@2x.png"; path = "buttons/hbuttons_06@2x.png"; sourceTree = "<group>"; };
		708D19CA16DF9F9F00A6A819 /* hbuttons_08@2x.png */ = {isa = PBXFileReference; lastKnownFileType = image.png; name = "hbuttons_08@2x.png"; path = "buttons/hbuttons_08@2x.png"; sourceTree = "<group>"; };
		708D19CB16DF9F9F00A6A819 /* hbuttons_11@2x.png */ = {isa = PBXFileReference; lastKnownFileType = image.png; name = "hbuttons_11@2x.png"; path = "buttons/hbuttons_11@2x.png"; sourceTree = "<group>"; };
		708D19CC16DF9F9F00A6A819 /* hbuttons_12@2x.png */ = {isa = PBXFileReference; lastKnownFileType = image.png; name = "hbuttons_12@2x.png"; path = "buttons/hbuttons_12@2x.png"; sourceTree = "<group>"; };
		709E8E7E16C613E80084BBCC /* Sexesso.app */ = {isa = PBXFileReference; explicitFileType = wrapper.application; includeInIndex = 0; path = Sexesso.app; sourceTree = BUILT_PRODUCTS_DIR; };
		709E8E8216C613E80084BBCC /* UIKit.framework */ = {isa = PBXFileReference; lastKnownFileType = wrapper.framework; name = UIKit.framework; path = System/Library/Frameworks/UIKit.framework; sourceTree = SDKROOT; };
		709E8E8416C613E80084BBCC /* Foundation.framework */ = {isa = PBXFileReference; lastKnownFileType = wrapper.framework; name = Foundation.framework; path = System/Library/Frameworks/Foundation.framework; sourceTree = SDKROOT; };
		709E8E8616C613E80084BBCC /* CoreGraphics.framework */ = {isa = PBXFileReference; lastKnownFileType = wrapper.framework; name = CoreGraphics.framework; path = System/Library/Frameworks/CoreGraphics.framework; sourceTree = SDKROOT; };
		709E8E8A16C613E80084BBCC /* Sexesso-Info.plist */ = {isa = PBXFileReference; lastKnownFileType = text.plist.xml; path = "Sexesso-Info.plist"; sourceTree = "<group>"; };
		709E8E8C16C613E80084BBCC /* en */ = {isa = PBXFileReference; lastKnownFileType = text.plist.strings; name = en; path = en.lproj/InfoPlist.strings; sourceTree = "<group>"; };
		709E8E8E16C613E80084BBCC /* main.m */ = {isa = PBXFileReference; lastKnownFileType = sourcecode.c.objc; path = main.m; sourceTree = "<group>"; };
		709E8E9016C613E80084BBCC /* Sexesso-Prefix.pch */ = {isa = PBXFileReference; lastKnownFileType = sourcecode.c.h; path = "Sexesso-Prefix.pch"; sourceTree = "<group>"; };
		709E8E9116C613E80084BBCC /* GPTAppDelegate.h */ = {isa = PBXFileReference; lastKnownFileType = sourcecode.objj.h; path = GPTAppDelegate.h; sourceTree = "<group>"; };
		709E8E9216C613E80084BBCC /* GPTAppDelegate.m */ = {isa = PBXFileReference; lastKnownFileType = sourcecode.c.objc; path = GPTAppDelegate.m; sourceTree = "<group>"; };
		709E8E9416C613E80084BBCC /* Default.png */ = {isa = PBXFileReference; lastKnownFileType = image.png; path = Default.png; sourceTree = "<group>"; };
		709E8E9616C613E80084BBCC /* Default@2x.png */ = {isa = PBXFileReference; lastKnownFileType = image.png; path = "Default@2x.png"; sourceTree = "<group>"; };
		709E8E9816C613E80084BBCC /* Default-568h@2x.png */ = {isa = PBXFileReference; lastKnownFileType = image.png; path = "Default-568h@2x.png"; sourceTree = "<group>"; };
		709E8E9A16C613E80084BBCC /* GPTViewController.h */ = {isa = PBXFileReference; lastKnownFileType = sourcecode.objj.h; path = GPTViewController.h; sourceTree = "<group>"; };
		709E8E9B16C613E80084BBCC /* GPTViewController.m */ = {isa = PBXFileReference; lastKnownFileType = sourcecode.c.objc; path = GPTViewController.m; sourceTree = "<group>"; };
		709E8E9E16C613E80084BBCC /* en */ = {isa = PBXFileReference; lastKnownFileType = file.xib; name = en; path = en.lproj/GPTViewController.xib; sourceTree = "<group>"; };
		70AA0386176D6CC90031D2BC /* ip5_share_screen.png */ = {isa = PBXFileReference; lastKnownFileType = image.png; name = ip5_share_screen.png; path = Sexesso/images/ip5_share_screen.png; sourceTree = SOURCE_ROOT; };
		70AA0388176D8A6F0031D2BC /* share.png */ = {isa = PBXFileReference; lastKnownFileType = image.png; name = share.png; path = Sexesso/images/share.png; sourceTree = SOURCE_ROOT; };
		70AA038A176D92D90031D2BC /* share@2x.png */ = {isa = PBXFileReference; lastKnownFileType = image.png; name = "share@2x.png"; path = "Sexesso/images/share@2x.png"; sourceTree = SOURCE_ROOT; };
		70AA038C176D98FD0031D2BC /* pay.png */ = {isa = PBXFileReference; lastKnownFileType = image.png; name = pay.png; path = Sexesso/images/pay.png; sourceTree = SOURCE_ROOT; };
		70AA038D176D98FD0031D2BC /* pay@2x.png */ = {isa = PBXFileReference; lastKnownFileType = image.png; name = "pay@2x.png"; path = "Sexesso/images/pay@2x.png"; sourceTree = SOURCE_ROOT; };
		70AA0393176DA4110031D2BC /* GPTHelpScreenViewController.h */ = {isa = PBXFileReference; fileEncoding = 4; lastKnownFileType = sourcecode.c.h; name = GPTHelpScreenViewController.h; path = Help/GPTHelpScreenViewController.h; sourceTree = "<group>"; };
		70AA0394176DA4110031D2BC /* GPTHelpScreenViewController.m */ = {isa = PBXFileReference; fileEncoding = 4; lastKnownFileType = sourcecode.c.objc; name = GPTHelpScreenViewController.m; path = Help/GPTHelpScreenViewController.m; sourceTree = "<group>"; };
		70AA0395176DA4110031D2BC /* GPTHelpScreenViewController.xib */ = {isa = PBXFileReference; fileEncoding = 4; lastKnownFileType = file.xib; name = GPTHelpScreenViewController.xib; path = Help/GPTHelpScreenViewController.xib; sourceTree = "<group>"; };
		70AA0399176DA7EA0031D2BC /* help.png */ = {isa = PBXFileReference; lastKnownFileType = image.png; name = help.png; path = images/help.png; sourceTree = "<group>"; };
		70AA039A176DA7EA0031D2BC /* help@2x.png */ = {isa = PBXFileReference; lastKnownFileType = image.png; name = "help@2x.png"; path = "images/help@2x.png"; sourceTree = "<group>"; };
		70AA039D176DA8C20031D2BC /* ip5_help.png */ = {isa = PBXFileReference; lastKnownFileType = image.png; name = ip5_help.png; path = images/ip5_help.png; sourceTree = "<group>"; };
		70AA039F176DA91B0031D2BC /* device_def.h */ = {isa = PBXFileReference; fileEncoding = 4; lastKnownFileType = sourcecode.c.h; path = device_def.h; sourceTree = "<group>"; };
		70AA03A0176DACE40031D2BC /* ip5_help@2x.png */ = {isa = PBXFileReference; lastKnownFileType = image.png; name = "ip5_help@2x.png"; path = "images/ip5_help@2x.png"; sourceTree = "<group>"; };
		70AA03A2176DFBB40031D2BC /* help_back.png */ = {isa = PBXFileReference; lastKnownFileType = image.png; name = help_back.png; path = images/help_back.png; sourceTree = "<group>"; };
		70AA03A3176DFBB40031D2BC /* help_back@2x.png */ = {isa = PBXFileReference; lastKnownFileType = image.png; name = "help_back@2x.png"; path = "images/help_back@2x.png"; sourceTree = "<group>"; };
		70AA03A6176E10900031D2BC /* GPTCheatViewController.h */ = {isa = PBXFileReference; fileEncoding = 4; lastKnownFileType = sourcecode.c.h; name = GPTCheatViewController.h; path = Cheat/GPTCheatViewController.h; sourceTree = "<group>"; };
		70AA03A7176E10900031D2BC /* GPTCheatViewController.m */ = {isa = PBXFileReference; fileEncoding = 4; lastKnownFileType = sourcecode.c.objc; name = GPTCheatViewController.m; path = Cheat/GPTCheatViewController.m; sourceTree = "<group>"; };
		70AA03A8176E10900031D2BC /* GPTCheatViewController.xib */ = {isa = PBXFileReference; fileEncoding = 4; lastKnownFileType = file.xib; name = GPTCheatViewController.xib; path = Cheat/GPTCheatViewController.xib; sourceTree = "<group>"; };
		70AA03AC176E12650031D2BC /* Vanessa.png */ = {isa = PBXFileReference; lastKnownFileType = image.png; name = Vanessa.png; path = images/Vanessa.png; sourceTree = "<group>"; };
		70AA03AD176E12650031D2BC /* Vanessa@2x.png */ = {isa = PBXFileReference; lastKnownFileType = image.png; name = "Vanessa@2x.png"; path = "images/Vanessa@2x.png"; sourceTree = "<group>"; };
		70AA03D2176E12650031D2BC /* ip5_vanessa.png */ = {isa = PBXFileReference; lastKnownFileType = image.png; name = ip5_vanessa.png; path = images/ip5_vanessa.png; sourceTree = "<group>"; };
		70AA03F8176E19410031D2BC /* ip5_vanessa@2x.png */ = {isa = PBXFileReference; lastKnownFileType = image.png; name = "ip5_vanessa@2x.png"; path = "images/ip5_vanessa@2x.png"; sourceTree = "<group>"; };
		70AA03FB176E1A070031D2BC /* GPTTalkViewController.h */ = {isa = PBXFileReference; fileEncoding = 4; lastKnownFileType = sourcecode.c.h; name = GPTTalkViewController.h; path = Talk/GPTTalkViewController.h; sourceTree = "<group>"; };
		70AA03FC176E1A070031D2BC /* GPTTalkViewController.m */ = {isa = PBXFileReference; fileEncoding = 4; lastKnownFileType = sourcecode.c.objc; name = GPTTalkViewController.m; path = Talk/GPTTalkViewController.m; sourceTree = "<group>"; };
		70AA03FD176E1A070031D2BC /* GPTTalkViewController.xib */ = {isa = PBXFileReference; fileEncoding = 4; lastKnownFileType = file.xib; name = GPTTalkViewController.xib; path = Talk/GPTTalkViewController.xib; sourceTree = "<group>"; };
		70AA0401176E1C7E0031D2BC /* pink_chat.png */ = {isa = PBXFileReference; lastKnownFileType = image.png; name = pink_chat.png; path = images/pink_chat.png; sourceTree = "<group>"; };
		70AA0402176E1C7E0031D2BC /* IP5_chat-background-screen.png */ = {isa = PBXFileReference; lastKnownFileType = image.png; name = "IP5_chat-background-screen.png"; path = "images/IP5_chat-background-screen.png"; sourceTree = "<group>"; };
		70AA0403176E1C7E0031D2BC /* pink_chat@2x.png */ = {isa = PBXFileReference; lastKnownFileType = image.png; name = "pink_chat@2x.png"; path = "images/pink_chat@2x.png"; sourceTree = "<group>"; };
		70AA0404176E1C7E0031D2BC /* IP5_chat-background-screen@2x.png */ = {isa = PBXFileReference; lastKnownFileType = image.png; name = "IP5_chat-background-screen@2x.png"; path = "images/IP5_chat-background-screen@2x.png"; sourceTree = "<group>"; };
		70AA0409176E1F5F0031D2BC /* ip4_chat_bg.png */ = {isa = PBXFileReference; lastKnownFileType = image.png; name = ip4_chat_bg.png; path = images/ip4_chat_bg.png; sourceTree = "<group>"; };
		70AA040A176E1F5F0031D2BC /* ip4_chat_bg@2x.png */ = {isa = PBXFileReference; lastKnownFileType = image.png; name = "ip4_chat_bg@2x.png"; path = "images/ip4_chat_bg@2x.png"; sourceTree = "<group>"; };
/* End PBXFileReference section */

/* Begin PBXFrameworksBuildPhase section */
		709E8E7B16C613E80084BBCC /* Frameworks */ = {
			isa = PBXFrameworksBuildPhase;
			buildActionMask = 2147483647;
			files = (
				709E8E8316C613E80084BBCC /* UIKit.framework in Frameworks */,
				709E8E8516C613E80084BBCC /* Foundation.framework in Frameworks */,
				709E8E8716C613E80084BBCC /* CoreGraphics.framework in Frameworks */,
			);
			runOnlyForDeploymentPostprocessing = 0;
		};
/* End PBXFrameworksBuildPhase section */

/* Begin PBXGroup section */
		704FE9A916DD0AC2006A1222 /* WorkFlow */ = {
			isa = PBXGroup;
			children = (
				70AA0392176DA2DE0031D2BC /* Cheat */,
				70AA0391176DA2A70031D2BC /* Talk */,
				70AA0390176DA29C0031D2BC /* Help */,
				7068133816E4E3AA00EB8732 /* 9Cards */,
				706812C916E4D2A200EB8732 /* 4Cards */,
				708D19A716DD0EE100A6A819 /* Menu */,
			);
			name = WorkFlow;
			sourceTree = "<group>";
		};
		706812C916E4D2A200EB8732 /* 4Cards */ = {
			isa = PBXGroup;
			children = (
				706812CA16E4D2A200EB8732 /* GPTPexesoCard.h */,
				706812CB16E4D2A200EB8732 /* GPTPexesoCard.m */,
				706812CC16E4D2A200EB8732 /* GPTPexesoGame.h */,
				706812CD16E4D2A200EB8732 /* GPTPexesoGame.m */,
				706812CE16E4D2A200EB8732 /* GPTPexesoViewController.h */,
				706812CF16E4D2A200EB8732 /* GPTPexesoViewController.m */,
				706812D016E4D2A200EB8732 /* GPTPexesoViewController.xib */,
				706812D116E4D2A200EB8732 /* images */,
			);
			path = 4Cards;
			sourceTree = "<group>";
		};
		706812D116E4D2A200EB8732 /* images */ = {
			isa = PBXGroup;
			children = (
				70AA038C176D98FD0031D2BC /* pay.png */,
				70AA038D176D98FD0031D2BC /* pay@2x.png */,
				70AA038A176D92D90031D2BC /* share@2x.png */,
				70AA0388176D8A6F0031D2BC /* share.png */,
				70AA0386176D6CC90031D2BC /* ip5_share_screen.png */,
				706812EA16E4D7C600EB8732 /* large-face-empty.png */,
				706812EB16E4D7C600EB8732 /* large-face-empty@2x.png */,
				706812EC16E4D7C600EB8732 /* large-girl-03.png */,
				706812ED16E4D7C600EB8732 /* large-girl-03@2x.png */,
				706812D216E4D2A200EB8732 /* 4cards_faces-01.png */,
				706812D316E4D2A200EB8732 /* 4cards_faces-01@2x.png */,
				706812E616E4D34900EB8732 /* IP4_blackbackground960px-02.png */,
				706812E716E4D34900EB8732 /* IP4_blackbackground960px-02@2x.png */,
				706812D416E4D2A200EB8732 /* 4cards_faces-02.png */,
				706812D516E4D2A200EB8732 /* 4cards_faces-02@2x.png */,
				706812D616E4D2A200EB8732 /* 4cards_faces-03.png */,
				706812D716E4D2A200EB8732 /* 4cards_faces-03@2x.png */,
				706812D816E4D2A200EB8732 /* card-back-230.png */,
				706812D916E4D2A200EB8732 /* card-back-230@2x.png */,
			);
			path = images;
			sourceTree = "<group>";
		};
		7068133816E4E3AA00EB8732 /* 9Cards */ = {
			isa = PBXGroup;
			children = (
				7068133916E4E3AA00EB8732 /* GPTPexeso9Cards.h */,
				7068133A16E4E3AA00EB8732 /* GPTPexeso9Cards.m */,
				7068133B16E4E3AA00EB8732 /* GPTPexeso9Game.h */,
				7068133C16E4E3AA00EB8732 /* GPTPexeso9Game.m */,
				7068133D16E4E3AA00EB8732 /* GPTPexeso9ViewController.h */,
				7068133E16E4E3AA00EB8732 /* GPTPexeso9ViewController.m */,
				7068133F16E4E3AA00EB8732 /* GPTPexeso9ViewController.xib */,
				7068134016E4E3AA00EB8732 /* images */,
			);
			path = 9Cards;
			sourceTree = "<group>";
		};
		7068134016E4E3AA00EB8732 /* images */ = {
			isa = PBXGroup;
			children = (
				7068134116E4E3AA00EB8732 /* card_back_150x200px-01.png */,
				7068134216E4E3AA00EB8732 /* card_back_150x200px-01@2x.png */,
				7068134316E4E3AA00EB8732 /* card_back_150x200px-02.png */,
				7068134416E4E3AA00EB8732 /* card_back_150x200px-02@2x.png */,
				7068134516E4E3AA00EB8732 /* card_back_150x200px-03.png */,
				7068134616E4E3AA00EB8732 /* card_back_150x200px-04.png */,
				7068134716E4E3AA00EB8732 /* card_back_150x200px-05.png */,
				7068134816E4E3AA00EB8732 /* card_back_150x200px-06.png */,
				7068134916E4E3AA00EB8732 /* card_back_150x200px-07.png */,
				7068134A16E4E3AA00EB8732 /* card_back_150x200px-08.png */,
				7068134B16E4E3AA00EB8732 /* card_face_150-200-01.png */,
				7068134C16E4E3AA00EB8732 /* card_face_150-200-01@2x.png */,
				7068134D16E4E3AA00EB8732 /* card_face_150-200-02.png */,
				7068134E16E4E3AA00EB8732 /* card_face_150-200-02@2x.png */,
				7068134F16E4E3AA00EB8732 /* card_face_150-200-03.png */,
				7068135016E4E3AA00EB8732 /* card_face_150-200-03@2x.png */,
				7068135116E4E3AA00EB8732 /* card_face_150-200-04.png */,
				7068135216E4E3AA00EB8732 /* card_face_150-200-04@2x.png */,
				7068135316E4E3AA00EB8732 /* card_face_150-200-05.png */,
				7068135416E4E3AA00EB8732 /* card_face_150-200-05@2x.png */,
				7068135516E4E3AA00EB8732 /* card_face_150-200-06.png */,
				7068135616E4E3AA00EB8732 /* card_face_150-200-06@2x.png */,
				7068135716E4E3AA00EB8732 /* large-face-01.png */,
				7068135816E4E3AA00EB8732 /* large-face-02.png */,
				7068135916E4E3AA00EB8732 /* large-face-03.png */,
				7068135A16E4E3AA00EB8732 /* large-face-04.png */,
				7068135B16E4E3AA00EB8732 /* large-face-05.png */,
				7068135C16E4E3AA00EB8732 /* large-face-06.png */,
				7068135D16E4E3AA00EB8732 /* large-face-empty-02.png */,
				7068135E16E4E3AA00EB8732 /* large-girl-01.png */,
				7068135F16E4E3AA00EB8732 /* large-girl-02.png */,
				7068136016E4E3AA00EB8732 /* large-girl-07.png */,
				7068136116E4E3AA00EB8732 /* large-girl-04.png */,
				7068136216E4E3AA00EB8732 /* large-girl-05.png */,
				7068136316E4E3AA00EB8732 /* large-girl-06.png */,
			);
			path = images;
			sourceTree = "<group>";
		};
		708D19A716DD0EE100A6A819 /* Menu */ = {
			isa = PBXGroup;
			children = (
				709E8E9A16C613E80084BBCC /* GPTViewController.h */,
				709E8E9B16C613E80084BBCC /* GPTViewController.m */,
				709E8E9D16C613E80084BBCC /* GPTViewController.xib */,
			);
			name = Menu;
			sourceTree = "<group>";
		};
		708D19A816DD239D00A6A819 /* images */ = {
			isa = PBXGroup;
			children = (
				7035F10C16EE8EA500999B5B /* IP5_menu_background_1136px@2x.png */,
				7035F10A16EE8C9600999B5B /* IP5_blackbackground1136px@2x.png */,
				708D19E116DFA87A00A6A819 /* menu */,
				708D19A916DD239D00A6A819 /* IP4_menu.png */,
				708D19AA16DD239D00A6A819 /* IP4_menu@2x.png */,
				708D19AB16DD239D00A6A819 /* IP4_menus_buttons.png */,
				708D19AC16DD239D00A6A819 /* IP4_menus_buttons@2x.png */,
			);
			path = images;
			sourceTree = "<group>";
		};
		708D19E116DFA87A00A6A819 /* menu */ = {
			isa = PBXGroup;
			children = (
				708D19B916DF9F9F00A6A819 /* hbuttons_12.png */,
				708D19BA16DF9F9F00A6A819 /* hbuttons_11.png */,
				708D19BB16DF9F9F00A6A819 /* hbuttons_08.png */,
				708D19BC16DF9F9F00A6A819 /* hbuttons_06.png */,
				708D19BD16DF9F9F00A6A819 /* hbuttons_05.png */,
				708D19BE16DF9F9F00A6A819 /* hbuttons_05@2x.png */,
				708D19BF16DF9F9F00A6A819 /* buttons_12.png */,
				708D19C016DF9F9F00A6A819 /* buttons_11.png */,
				708D19C116DF9F9F00A6A819 /* buttons_08.png */,
				708D19C216DF9F9F00A6A819 /* buttons_06.png */,
				708D19C316DF9F9F00A6A819 /* buttons_05.png */,
				708D19C416DF9F9F00A6A819 /* buttons_05@2x.png */,
				708D19C516DF9F9F00A6A819 /* buttons_06@2x.png */,
				708D19C616DF9F9F00A6A819 /* buttons_08@2x.png */,
				708D19C716DF9F9F00A6A819 /* buttons_11@2x.png */,
				708D19C816DF9F9F00A6A819 /* buttons_12@2x.png */,
				708D19C916DF9F9F00A6A819 /* hbuttons_06@2x.png */,
				708D19CA16DF9F9F00A6A819 /* hbuttons_08@2x.png */,
				708D19CB16DF9F9F00A6A819 /* hbuttons_11@2x.png */,
				708D19CC16DF9F9F00A6A819 /* hbuttons_12@2x.png */,
				708D19B516DD329A00A6A819 /* hbuttons_03.png */,
				708D19B616DD329A00A6A819 /* hbuttons_03@2x.png */,
				708D19B116DD27B500A6A819 /* buttons_03.png */,
				708D19B216DD27B500A6A819 /* buttons_03@2x.png */,
			);
			name = menu;
			sourceTree = "<group>";
		};
		709E8E7316C613E80084BBCC = {
			isa = PBXGroup;
			children = (
				709E8E8816C613E80084BBCC /* Sexesso */,
				709E8E8116C613E80084BBCC /* Frameworks */,
				709E8E7F16C613E80084BBCC /* Products */,
			);
			sourceTree = "<group>";
		};
		709E8E7F16C613E80084BBCC /* Products */ = {
			isa = PBXGroup;
			children = (
				709E8E7E16C613E80084BBCC /* Sexesso.app */,
			);
			name = Products;
			sourceTree = "<group>";
		};
		709E8E8116C613E80084BBCC /* Frameworks */ = {
			isa = PBXGroup;
			children = (
				709E8E8216C613E80084BBCC /* UIKit.framework */,
				709E8E8416C613E80084BBCC /* Foundation.framework */,
				709E8E8616C613E80084BBCC /* CoreGraphics.framework */,
			);
			name = Frameworks;
			sourceTree = "<group>";
		};
		709E8E8816C613E80084BBCC /* Sexesso */ = {
			isa = PBXGroup;
			children = (
				708D19A816DD239D00A6A819 /* images */,
				704FE9A916DD0AC2006A1222 /* WorkFlow */,
				704FE9A516DD003F006A1222 /* app_icon.png */,
				704FE9A616DD003F006A1222 /* app_icon@2x.png */,
				70AA039F176DA91B0031D2BC /* device_def.h */,
				709E8E9116C613E80084BBCC /* GPTAppDelegate.h */,
				709E8E9216C613E80084BBCC /* GPTAppDelegate.m */,
				709E8E8916C613E80084BBCC /* Supporting Files */,
			);
			path = Sexesso;
			sourceTree = "<group>";
		};
		709E8E8916C613E80084BBCC /* Supporting Files */ = {
			isa = PBXGroup;
			children = (
				709E8E8A16C613E80084BBCC /* Sexesso-Info.plist */,
				709E8E8B16C613E80084BBCC /* InfoPlist.strings */,
				709E8E8E16C613E80084BBCC /* main.m */,
				709E8E9016C613E80084BBCC /* Sexesso-Prefix.pch */,
				709E8E9416C613E80084BBCC /* Default.png */,
				709E8E9616C613E80084BBCC /* Default@2x.png */,
				709E8E9816C613E80084BBCC /* Default-568h@2x.png */,
			);
			name = "Supporting Files";
			sourceTree = "<group>";
		};
		70AA0390176DA29C0031D2BC /* Help */ = {
			isa = PBXGroup;
			children = (
				70AA0398176DA7DA0031D2BC /* images */,
				70AA0393176DA4110031D2BC /* GPTHelpScreenViewController.h */,
				70AA0394176DA4110031D2BC /* GPTHelpScreenViewController.m */,
				70AA0395176DA4110031D2BC /* GPTHelpScreenViewController.xib */,
			);
			name = Help;
			sourceTree = "<group>";
		};
		70AA0391176DA2A70031D2BC /* Talk */ = {
			isa = PBXGroup;
			children = (
				70AA0400176E1A260031D2BC /* images */,
				70AA03FB176E1A070031D2BC /* GPTTalkViewController.h */,
				70AA03FC176E1A070031D2BC /* GPTTalkViewController.m */,
				70AA03FD176E1A070031D2BC /* GPTTalkViewController.xib */,
			);
			name = Talk;
			sourceTree = "<group>";
		};
		70AA0392176DA2DE0031D2BC /* Cheat */ = {
			isa = PBXGroup;
			children = (
				70AA03AB176E11960031D2BC /* images */,
				70AA03A6176E10900031D2BC /* GPTCheatViewController.h */,
				70AA03A7176E10900031D2BC /* GPTCheatViewController.m */,
				70AA03A8176E10900031D2BC /* GPTCheatViewController.xib */,
			);
			name = Cheat;
			sourceTree = "<group>";
		};
		70AA0398176DA7DA0031D2BC /* images */ = {
			isa = PBXGroup;
			children = (
				70AA03A2176DFBB40031D2BC /* help_back.png */,
				70AA03A3176DFBB40031D2BC /* help_back@2x.png */,
				70AA03A0176DACE40031D2BC /* ip5_help@2x.png */,
				70AA039D176DA8C20031D2BC /* ip5_help.png */,
				70AA0399176DA7EA0031D2BC /* help.png */,
				70AA039A176DA7EA0031D2BC /* help@2x.png */,
			);
			name = images;
			sourceTree = "<group>";
		};
		70AA03AB176E11960031D2BC /* images */ = {
			isa = PBXGroup;
			children = (
				70AA03F8176E19410031D2BC /* ip5_vanessa@2x.png */,
				70AA03AC176E12650031D2BC /* Vanessa.png */,
				70AA03AD176E12650031D2BC /* Vanessa@2x.png */,
				70AA03D2176E12650031D2BC /* ip5_vanessa.png */,
			);
			name = images;
			sourceTree = "<group>";
		};
		70AA0400176E1A260031D2BC /* images */ = {
			isa = PBXGroup;
			children = (
				70AA0409176E1F5F0031D2BC /* ip4_chat_bg.png */,
				70AA040A176E1F5F0031D2BC /* ip4_chat_bg@2x.png */,
				70AA0401176E1C7E0031D2BC /* pink_chat.png */,
				70AA0402176E1C7E0031D2BC /* IP5_chat-background-screen.png */,
				70AA0403176E1C7E0031D2BC /* pink_chat@2x.png */,
				70AA0404176E1C7E0031D2BC /* IP5_chat-background-screen@2x.png */,
			);
			name = images;
			sourceTree = "<group>";
		};
/* End PBXGroup section */

/* Begin PBXNativeTarget section */
		709E8E7D16C613E80084BBCC /* Sexesso */ = {
			isa = PBXNativeTarget;
			buildConfigurationList = 709E8EA216C613E80084BBCC /* Build configuration list for PBXNativeTarget "Sexesso" */;
			buildPhases = (
				709E8E7A16C613E80084BBCC /* Sources */,
				709E8E7B16C613E80084BBCC /* Frameworks */,
				709E8E7C16C613E80084BBCC /* Resources */,
			);
			buildRules = (
			);
			dependencies = (
			);
			name = Sexesso;
			productName = Sexesso;
			productReference = 709E8E7E16C613E80084BBCC /* Sexesso.app */;
			productType = "com.apple.product-type.application";
		};
/* End PBXNativeTarget section */

/* Begin PBXProject section */
		709E8E7516C613E80084BBCC /* Project object */ = {
			isa = PBXProject;
			attributes = {
				CLASSPREFIX = GPT;
				LastUpgradeCheck = 0450;
				ORGANIZATIONNAME = "Green Plus Technology";
			};
			buildConfigurationList = 709E8E7816C613E80084BBCC /* Build configuration list for PBXProject "Sexesso" */;
			compatibilityVersion = "Xcode 3.2";
			developmentRegion = English;
			hasScannedForEncodings = 0;
			knownRegions = (
				en,
			);
			mainGroup = 709E8E7316C613E80084BBCC;
			productRefGroup = 709E8E7F16C613E80084BBCC /* Products */;
			projectDirPath = "";
			projectRoot = "";
			targets = (
				709E8E7D16C613E80084BBCC /* Sexesso */,
			);
		};
/* End PBXProject section */

/* Begin PBXResourcesBuildPhase section */
		709E8E7C16C613E80084BBCC /* Resources */ = {
			isa = PBXResourcesBuildPhase;
			buildActionMask = 2147483647;
			files = (
				709E8E8D16C613E80084BBCC /* InfoPlist.strings in Resources */,
				709E8E9516C613E80084BBCC /* Default.png in Resources */,
				709E8E9716C613E80084BBCC /* Default@2x.png in Resources */,
				709E8E9916C613E80084BBCC /* Default-568h@2x.png in Resources */,
				709E8E9F16C613E80084BBCC /* GPTViewController.xib in Resources */,
				704FE9A716DD003F006A1222 /* app_icon.png in Resources */,
				704FE9A816DD003F006A1222 /* app_icon@2x.png in Resources */,
				708D19AD16DD239D00A6A819 /* IP4_menu.png in Resources */,
				708D19AE16DD239D00A6A819 /* IP4_menu@2x.png in Resources */,
				708D19AF16DD239D00A6A819 /* IP4_menus_buttons.png in Resources */,
				708D19B016DD239D00A6A819 /* IP4_menus_buttons@2x.png in Resources */,
				708D19B316DD27B500A6A819 /* buttons_03.png in Resources */,
				708D19B416DD27B500A6A819 /* buttons_03@2x.png in Resources */,
				708D19B716DD329A00A6A819 /* hbuttons_03.png in Resources */,
				708D19B816DD329A00A6A819 /* hbuttons_03@2x.png in Resources */,
				708D19CD16DF9F9F00A6A819 /* hbuttons_12.png in Resources */,
				708D19CE16DF9F9F00A6A819 /* hbuttons_11.png in Resources */,
				708D19CF16DF9F9F00A6A819 /* hbuttons_08.png in Resources */,
				708D19D016DF9F9F00A6A819 /* hbuttons_06.png in Resources */,
				708D19D116DF9F9F00A6A819 /* hbuttons_05.png in Resources */,
				708D19D216DF9F9F00A6A819 /* hbuttons_05@2x.png in Resources */,
				708D19D316DF9F9F00A6A819 /* buttons_12.png in Resources */,
				708D19D416DF9F9F00A6A819 /* buttons_11.png in Resources */,
				708D19D516DF9F9F00A6A819 /* buttons_08.png in Resources */,
				708D19D616DF9F9F00A6A819 /* buttons_06.png in Resources */,
				708D19D716DF9F9F00A6A819 /* buttons_05.png in Resources */,
				708D19D816DF9F9F00A6A819 /* buttons_05@2x.png in Resources */,
				708D19D916DF9F9F00A6A819 /* buttons_06@2x.png in Resources */,
				708D19DA16DF9F9F00A6A819 /* buttons_08@2x.png in Resources */,
				708D19DB16DF9F9F00A6A819 /* buttons_11@2x.png in Resources */,
				708D19DC16DF9F9F00A6A819 /* buttons_12@2x.png in Resources */,
				708D19DD16DF9F9F00A6A819 /* hbuttons_06@2x.png in Resources */,
				708D19DE16DF9F9F00A6A819 /* hbuttons_08@2x.png in Resources */,
				708D19DF16DF9F9F00A6A819 /* hbuttons_11@2x.png in Resources */,
				708D19E016DF9F9F00A6A819 /* hbuttons_12@2x.png in Resources */,
				706812DD16E4D2A200EB8732 /* GPTPexesoViewController.xib in Resources */,
				706812DE16E4D2A200EB8732 /* 4cards_faces-01.png in Resources */,
				706812DF16E4D2A200EB8732 /* 4cards_faces-01@2x.png in Resources */,
				706812E016E4D2A200EB8732 /* 4cards_faces-02.png in Resources */,
				706812E116E4D2A200EB8732 /* 4cards_faces-02@2x.png in Resources */,
				706812E216E4D2A200EB8732 /* 4cards_faces-03.png in Resources */,
				706812E316E4D2A200EB8732 /* 4cards_faces-03@2x.png in Resources */,
				706812E416E4D2A200EB8732 /* card-back-230.png in Resources */,
				706812E516E4D2A200EB8732 /* card-back-230@2x.png in Resources */,
				706812E816E4D34900EB8732 /* IP4_blackbackground960px-02.png in Resources */,
				706812E916E4D34900EB8732 /* IP4_blackbackground960px-02@2x.png in Resources */,
				706812EE16E4D7C600EB8732 /* large-face-empty.png in Resources */,
				706812EF16E4D7C600EB8732 /* large-face-empty@2x.png in Resources */,
				706812F016E4D7C600EB8732 /* large-girl-03.png in Resources */,
				706812F116E4D7C600EB8732 /* large-girl-03@2x.png in Resources */,
				7068136716E4E3AA00EB8732 /* GPTPexeso9ViewController.xib in Resources */,
				7068136816E4E3AA00EB8732 /* card_back_150x200px-01.png in Resources */,
				7068136916E4E3AA00EB8732 /* card_back_150x200px-01@2x.png in Resources */,
				7068136A16E4E3AA00EB8732 /* card_back_150x200px-02.png in Resources */,
				7068136B16E4E3AA00EB8732 /* card_back_150x200px-02@2x.png in Resources */,
				7068136C16E4E3AA00EB8732 /* card_back_150x200px-03.png in Resources */,
				7068136D16E4E3AA00EB8732 /* card_back_150x200px-04.png in Resources */,
				7068136E16E4E3AA00EB8732 /* card_back_150x200px-05.png in Resources */,
				7068136F16E4E3AA00EB8732 /* card_back_150x200px-06.png in Resources */,
				7068137016E4E3AA00EB8732 /* card_back_150x200px-07.png in Resources */,
				7068137116E4E3AA00EB8732 /* card_back_150x200px-08.png in Resources */,
				7068137216E4E3AA00EB8732 /* card_face_150-200-01.png in Resources */,
				7068137316E4E3AA00EB8732 /* card_face_150-200-01@2x.png in Resources */,
				7068137416E4E3AA00EB8732 /* card_face_150-200-02.png in Resources */,
				7068137516E4E3AA00EB8732 /* card_face_150-200-02@2x.png in Resources */,
				7068137616E4E3AA00EB8732 /* card_face_150-200-03.png in Resources */,
				7068137716E4E3AA00EB8732 /* card_face_150-200-03@2x.png in Resources */,
				7068137816E4E3AA00EB8732 /* card_face_150-200-04.png in Resources */,
				7068137916E4E3AA00EB8732 /* card_face_150-200-04@2x.png in Resources */,
				7068137A16E4E3AA00EB8732 /* card_face_150-200-05.png in Resources */,
				7068137B16E4E3AA00EB8732 /* card_face_150-200-05@2x.png in Resources */,
				7068137C16E4E3AA00EB8732 /* card_face_150-200-06.png in Resources */,
				7068137D16E4E3AA00EB8732 /* card_face_150-200-06@2x.png in Resources */,
				7068137E16E4E3AA00EB8732 /* large-face-01.png in Resources */,
				7068137F16E4E3AA00EB8732 /* large-face-02.png in Resources */,
				7068138016E4E3AA00EB8732 /* large-face-03.png in Resources */,
				7068138116E4E3AA00EB8732 /* large-face-04.png in Resources */,
				7068138216E4E3AA00EB8732 /* large-face-05.png in Resources */,
				7068138316E4E3AA00EB8732 /* large-face-06.png in Resources */,
				7068138416E4E3AA00EB8732 /* large-face-empty-02.png in Resources */,
				7068138516E4E3AA00EB8732 /* large-girl-01.png in Resources */,
				7068138616E4E3AA00EB8732 /* large-girl-02.png in Resources */,
				7068138716E4E3AA00EB8732 /* large-girl-07.png in Resources */,
				7068138816E4E3AA00EB8732 /* large-girl-04.png in Resources */,
				7068138916E4E3AA00EB8732 /* large-girl-05.png in Resources */,
				7068138A16E4E3AA00EB8732 /* large-girl-06.png in Resources */,
				7035F10B16EE8C9600999B5B /* IP5_blackbackground1136px@2x.png in Resources */,
				7035F10D16EE8EA500999B5B /* IP5_menu_background_1136px@2x.png in Resources */,
				70AA0387176D6CC90031D2BC /* ip5_share_screen.png in Resources */,
				70AA0389176D8A6F0031D2BC /* share.png in Resources */,
				70AA038B176D92D90031D2BC /* share@2x.png in Resources */,
				70AA038E176D98FD0031D2BC /* pay.png in Resources */,
				70AA038F176D98FD0031D2BC /* pay@2x.png in Resources */,
				70AA0397176DA4110031D2BC /* GPTHelpScreenViewController.xib in Resources */,
				70AA039B176DA7EA0031D2BC /* help.png in Resources */,
				70AA039C176DA7EA0031D2BC /* help@2x.png in Resources */,
				70AA039E176DA8C20031D2BC /* ip5_help.png in Resources */,
				70AA03A1176DACE40031D2BC /* ip5_help@2x.png in Resources */,
				70AA03A4176DFBB40031D2BC /* help_back.png in Resources */,
				70AA03A5176DFBB40031D2BC /* help_back@2x.png in Resources */,
				70AA03AA176E10900031D2BC /* GPTCheatViewController.xib in Resources */,
				70AA03D3176E12650031D2BC /* Vanessa.png in Resources */,
				70AA03D4176E12650031D2BC /* Vanessa@2x.png in Resources */,
				70AA03F7176E12650031D2BC /* ip5_vanessa.png in Resources */,
				70AA03F9176E19410031D2BC /* ip5_vanessa@2x.png in Resources */,
				70AA03FF176E1A070031D2BC /* GPTTalkViewController.xib in Resources */,
				70AA0405176E1C7E0031D2BC /* pink_chat.png in Resources */,
				70AA0406176E1C7E0031D2BC /* IP5_chat-background-screen.png in Resources */,
				70AA0407176E1C7E0031D2BC /* pink_chat@2x.png in Resources */,
				70AA0408176E1C7E0031D2BC /* IP5_chat-background-screen@2x.png in Resources */,
				70AA040B176E1F5F0031D2BC /* ip4_chat_bg.png in Resources */,
				70AA040C176E1F5F0031D2BC /* ip4_chat_bg@2x.png in Resources */,
			);
			runOnlyForDeploymentPostprocessing = 0;
		};
/* End PBXResourcesBuildPhase section */

/* Begin PBXSourcesBuildPhase section */
		709E8E7A16C613E80084BBCC /* Sources */ = {
			isa = PBXSourcesBuildPhase;
			buildActionMask = 2147483647;
			files = (
				709E8E8F16C613E80084BBCC /* main.m in Sources */,
				709E8E9316C613E80084BBCC /* GPTAppDelegate.m in Sources */,
				709E8E9C16C613E80084BBCC /* GPTViewController.m in Sources */,
				706812DA16E4D2A200EB8732 /* GPTPexesoCard.m in Sources */,
				706812DB16E4D2A200EB8732 /* GPTPexesoGame.m in Sources */,
				706812DC16E4D2A200EB8732 /* GPTPexesoViewController.m in Sources */,
				7068136416E4E3AA00EB8732 /* GPTPexeso9Cards.m in Sources */,
				7068136516E4E3AA00EB8732 /* GPTPexeso9Game.m in Sources */,
				7068136616E4E3AA00EB8732 /* GPTPexeso9ViewController.m in Sources */,
				70AA0396176DA4110031D2BC /* GPTHelpScreenViewController.m in Sources */,
				70AA03A9176E10900031D2BC /* GPTCheatViewController.m in Sources */,
				70AA03FE176E1A070031D2BC /* GPTTalkViewController.m in Sources */,
			);
			runOnlyForDeploymentPostprocessing = 0;
		};
/* End PBXSourcesBuildPhase section */

/* Begin PBXVariantGroup section */
		709E8E8B16C613E80084BBCC /* InfoPlist.strings */ = {
			isa = PBXVariantGroup;
			children = (
				709E8E8C16C613E80084BBCC /* en */,
			);
			name = InfoPlist.strings;
			sourceTree = "<group>";
		};
		709E8E9D16C613E80084BBCC /* GPTViewController.xib */ = {
			isa = PBXVariantGroup;
			children = (
				709E8E9E16C613E80084BBCC /* en */,
			);
			name = GPTViewController.xib;
			sourceTree = "<group>";
		};
/* End PBXVariantGroup section */

/* Begin XCBuildConfiguration section */
		709E8EA016C613E80084BBCC /* Debug */ = {
			isa = XCBuildConfiguration;
			buildSettings = {
				ALWAYS_SEARCH_USER_PATHS = NO;
				CLANG_CXX_LANGUAGE_STANDARD = "gnu++0x";
				CLANG_CXX_LIBRARY = "libc++";
				CLANG_ENABLE_OBJC_ARC = YES;
				CLANG_WARN_EMPTY_BODY = YES;
				CLANG_WARN__DUPLICATE_METHOD_MATCH = YES;
				"CODE_SIGN_IDENTITY[sdk=iphoneos*]" = "iPhone Developer";
				COPY_PHASE_STRIP = NO;
				GCC_C_LANGUAGE_STANDARD = gnu99;
				GCC_DYNAMIC_NO_PIC = NO;
				GCC_OPTIMIZATION_LEVEL = 0;
				GCC_PREPROCESSOR_DEFINITIONS = (
					"DEBUG=1",
					"$(inherited)",
				);
				GCC_SYMBOLS_PRIVATE_EXTERN = NO;
				GCC_WARN_ABOUT_RETURN_TYPE = YES;
				GCC_WARN_UNINITIALIZED_AUTOS = YES;
				GCC_WARN_UNUSED_VARIABLE = YES;
				IPHONEOS_DEPLOYMENT_TARGET = 6.0;
				SDKROOT = iphoneos;
			};
			name = Debug;
		};
		709E8EA116C613E80084BBCC /* Release */ = {
			isa = XCBuildConfiguration;
			buildSettings = {
				ALWAYS_SEARCH_USER_PATHS = NO;
				CLANG_CXX_LANGUAGE_STANDARD = "gnu++0x";
				CLANG_CXX_LIBRARY = "libc++";
				CLANG_ENABLE_OBJC_ARC = YES;
				CLANG_WARN_EMPTY_BODY = YES;
				CLANG_WARN__DUPLICATE_METHOD_MATCH = YES;
				"CODE_SIGN_IDENTITY[sdk=iphoneos*]" = "iPhone Developer";
				COPY_PHASE_STRIP = YES;
				GCC_C_LANGUAGE_STANDARD = gnu99;
				GCC_WARN_ABOUT_RETURN_TYPE = YES;
				GCC_WARN_UNINITIALIZED_AUTOS = YES;
				GCC_WARN_UNUSED_VARIABLE = YES;
				IPHONEOS_DEPLOYMENT_TARGET = 6.0;
				OTHER_CFLAGS = "-DNS_BLOCK_ASSERTIONS=1";
				SDKROOT = iphoneos;
				VALIDATE_PRODUCT = YES;
			};
			name = Release;
		};
		709E8EA316C613E80084BBCC /* Debug */ = {
			isa = XCBuildConfiguration;
			buildSettings = {
				GCC_PRECOMPILE_PREFIX_HEADER = YES;
				GCC_PREFIX_HEADER = "Sexesso/Sexesso-Prefix.pch";
				INFOPLIST_FILE = "Sexesso/Sexesso-Info.plist";
				IPHONEOS_DEPLOYMENT_TARGET = 4.3;
				PRODUCT_NAME = "$(TARGET_NAME)";
				WRAPPER_EXTENSION = app;
			};
			name = Debug;
		};
		709E8EA416C613E80084BBCC /* Release */ = {
			isa = XCBuildConfiguration;
			buildSettings = {
				GCC_PRECOMPILE_PREFIX_HEADER = YES;
				GCC_PREFIX_HEADER = "Sexesso/Sexesso-Prefix.pch";
				INFOPLIST_FILE = "Sexesso/Sexesso-Info.plist";
				IPHONEOS_DEPLOYMENT_TARGET = 4.3;
				PRODUCT_NAME = "$(TARGET_NAME)";
				WRAPPER_EXTENSION = app;
			};
			name = Release;
		};
/* End XCBuildConfiguration section */

/* Begin XCConfigurationList section */
		709E8E7816C613E80084BBCC /* Build configuration list for PBXProject "Sexesso" */ = {
			isa = XCConfigurationList;
			buildConfigurations = (
				709E8EA016C613E80084BBCC /* Debug */,
				709E8EA116C613E80084BBCC /* Release */,
			);
			defaultConfigurationIsVisible = 0;
			defaultConfigurationName = Release;
		};
		709E8EA216C613E80084BBCC /* Build configuration list for PBXNativeTarget "Sexesso" */ = {
			isa = XCConfigurationList;
			buildConfigurations = (
				709E8EA316C613E80084BBCC /* Debug */,
				709E8EA416C613E80084BBCC /* Release */,
			);
			defaultConfigurationIsVisible = 0;
			defaultConfigurationName = Release;
		};
/* End XCConfigurationList section */
	};
	rootObject = 709E8E7516C613E80084BBCC /* Project object */;
}
